# This file is generated by running "yarn install" inside your project.
# Manual changes might be lost - proceed with caution!

__metadata:
  version: 4
  cacheKey: 8

"@tsconfig/node14@npm:^1.0.1":
  version: 1.0.1
  resolution: "@tsconfig/node14@npm:1.0.1"
  checksum: 976345e896c0f059867f94f8d0f6ddb8b1844fb62bf36b727de8a9a68f024857e5db97ed51d3325e23e0616a5e48c034ff51a8d595b3fe7e955f3587540489be
  languageName: node
  linkType: hard

"@types/node@npm:^16.7.10":
  version: 16.7.10
  resolution: "@types/node@npm:16.7.10"
  checksum: 0518803caa1a14f4070e770a280eda1c4b4581a425cbda481cdd54b1f34a7ea497ff067fd23b90e3d4f4fdcfba15c1316182875e9cf9f5b2e880de1e595de053
  languageName: node
  linkType: hard

"FTX-autoBuy@workspace:.":
  version: 0.0.0-use.local
  resolution: "FTX-autoBuy@workspace:."
  dependencies:
    "@tsconfig/node14": ^1.0.1
    "@types/node": ^16.7.10
    axios: ^0.21.1
    source-map-support: ^0.5.19
    typescript: ^4.4.2
  languageName: unknown
  linkType: soft

"axios@npm:^0.21.1":
  version: 0.21.1
  resolution: "axios@npm:0.21.1"
  dependencies:
    follow-redirects: ^1.10.0
  checksum: c87915fa0b18c15c63350112b6b3563a3e2ae524d7707de0a73d2e065e0d30c5d3da8563037bc29d4cc1b7424b5a350cb7274fa52525c6c04a615fe561c6ab11
  languageName: node
  linkType: hard

"buffer-from@npm:^1.0.0":
  version: 1.1.2
  resolution: "buffer-from@npm:1.1.2"
  checksum: 0448524a562b37d4d7ed9efd91685a5b77a50672c556ea254ac9a6d30e3403a517d8981f10e565db24e8339413b43c97ca2951f10e399c6125a0d8911f5679bb
  languageName: node
  linkType: hard

"follow-redirects@npm:^1.10.0":
  version: 1.14.2
  resolution: "follow-redirects@npm:1.14.2"
  peerDependenciesMeta:
    debug:
      optional: true
  checksum: 53195df4a2f36202177f40a2d59d497d630f3b20e2e51e2b697ee5f9c0a5261985f164b23d3744a574e117618af668d07c0d000c2c5cb0c1546851671585ac4e
  languageName: node
  linkType: hard

"source-map-support@npm:^0.5.19":
  version: 0.5.19
  resolution: "source-map-support@npm:0.5.19"
  dependencies:
    buffer-from: ^1.0.0
    source-map: ^0.6.0
  checksum: c72802fdba9cb62b92baef18cc14cc4047608b77f0353e6c36dd993444149a466a2845332c5540d4a6630957254f0f68f4ef5a0120c33d2e83974c51a05afbac
  languageName: node
  linkType: hard

"source-map@npm:^0.6.0":
  version: 0.6.1
  resolution: "source-map@npm:0.6.1"
  checksum: 59ce8640cf3f3124f64ac289012c2b8bd377c238e316fb323ea22fbfe83da07d81e000071d7242cad7a23cd91c7de98e4df8830ec3f133cb6133a5f6e9f67bc2
  languageName: node
  linkType: hard

typescript@^4.4.2:
  version: 4.4.2
  resolution: "typescript@npm:4.4.2"
  bin:
    tsc: bin/tsc
    tsserver: bin/tsserver
  checksum: 194e08e9d1971d667d6fd1a0554616b7022312a2319d70e81a64e502a265992061ee7817ed9a69b52bbabe7a9b85e7938cb8c11c433e40a516b277f8c4dacd51
  languageName: node
  linkType: hard

"typescript@patch:typescript@^4.4.2#~builtin<compat/typescript>":
  version: 4.4.2
  resolution: "typescript@patch:typescript@npm%3A4.4.2#~builtin<compat/typescript>::version=4.4.2&hash=d8b4e7"
  bin:
    tsc: bin/tsc
    tsserver: bin/tsserver
  checksum: 11d6ab6e868117908c388401e2ac06d503c5c8709115ab80ee69a1a6352c1f98471d1e595636bfe6a2d6b20b03a44df6bb2d3d198cea97c0c328968cd18d2b70
  languageName: node
  linkType: hard
